
Microsoft Visual Studio Solution File, Format Version 12.00
# Visual Studio 15
Project("{FAE04EC0-301F-11D3-BF4B-00C04F79EFBC}") = "Assembly-CSharp", "Assembly-CSharp.csproj", "{199F6CC4-871E-D60A-C8FE-99C217153798}"
EndProject
Project("{FAE04EC0-301F-11D3-BF4B-00C04F79EFBC}") = "Assembly-CSharp-firstpass", "Assembly-CSharp-firstpass.csproj", "{AFF9DAA7-A112-0759-0B62-2235885E3A2A}"
EndProject
Project("{FAE04EC0-301F-11D3-BF4B-00C04F79EFBC}") = "Assembly-CSharp-Editor-firstpass", "Assembly-CSharp-Editor-firstpass.csproj", "{47856EBE-63B3-7922-9CA9-E3BBD85E1468}"
EndProject
Global
	GlobalSection(SolutionConfigurationPlatforms) = preSolution
		Debug|Any CPU = Debug|Any CPU
		Release|Any CPU = Release|Any CPU
	EndGlobalSection
	GlobalSection(ProjectConfigurationPlatforms) = postSolution
		{199F6CC4-871E-D60A-C8FE-99C217153798}.Debug|Any CPU.ActiveCfg = Debug|Any CPU
		{199F6CC4-871E-D60A-C8FE-99C217153798}.Debug|Any CPU.Build.0 = Debug|Any CPU
		{199F6CC4-871E-D60A-C8FE-99C217153798}.Release|Any CPU.ActiveCfg = Release|Any CPU
		{199F6CC4-871E-D60A-C8FE-99C217153798}.Release|Any CPU.Build.0 = Release|Any CPU
		{AFF9DAA7-A112-0759-0B62-2235885E3A2A}.Debug|Any CPU.ActiveCfg = Debug|Any CPU
		{AFF9DAA7-A112-0759-0B62-2235885E3A2A}.Debug|Any CPU.Build.0 = Debug|Any CPU
		{AFF9DAA7-A112-0759-0B62-2235885E3A2A}.Release|Any CPU.ActiveCfg = Release|Any CPU
		{AFF9DAA7-A112-0759-0B62-2235885E3A2A}.Release|Any CPU.Build.0 = Release|Any CPU
		{47856EBE-63B3-7922-9CA9-E3BBD85E1468}.Debug|Any CPU.ActiveCfg = Debug|Any CPU
		{47856EBE-63B3-7922-9CA9-E3BBD85E1468}.Debug|Any CPU.Build.0 = Debug|Any CPU
		{47856EBE-63B3-7922-9CA9-E3BBD85E1468}.Release|Any CPU.ActiveCfg = Release|Any CPU
		{47856EBE-63B3-7922-9CA9-E3BBD85E1468}.Release|Any CPU.Build.0 = Release|Any CPU
	EndGlobalSection
	GlobalSection(SolutionProperties) = preSolution
		HideSolutionNode = FALSE
	EndGlobalSection
EndGlobal
